
Microsoft Visual Studio Solution File, Format Version 12.00
# Visual Studio 15
VisualStudioVersion = 15.0.28307.852
MinimumVisualStudioVersion = 10.0.40219.1
Project("{FAE04EC0-301F-11D3-BF4B-00C04F79EFBC}") = "BlowOut-1", "BlowOut-1\BlowOut-1.csproj", "{DDB67314-D744-4055-B395-82E6CA7B2932}"
EndProject
Global
	GlobalSection(SolutionConfigurationPlatforms) = preSolution
		Debug|Any CPU = Debug|Any CPU
		Release|Any CPU = Release|Any CPU
	EndGlobalSection
	GlobalSection(ProjectConfigurationPlatforms) = postSolution
		{DDB67314-D744-4055-B395-82E6CA7B2932}.Debug|Any CPU.ActiveCfg = Debug|Any CPU
		{DDB67314-D744-4055-B395-82E6CA7B2932}.Debug|Any CPU.Build.0 = Debug|Any CPU
		{DDB67314-D744-4055-B395-82E6CA7B2932}.Release|Any CPU.ActiveCfg = Release|Any CPU
		{DDB67314-D744-4055-B395-82E6CA7B2932}.Release|Any CPU.Build.0 = Release|Any CPU
	EndGlobalSection
	GlobalSection(SolutionProperties) = preSolution
		HideSolutionNode = FALSE
	EndGlobalSection
	GlobalSection(ExtensibilityGlobals) = postSolution
		SolutionGuid = {EE331024-0864-47B5-96A9-DF807C6310D0}
	EndGlobalSection
EndGlobal
